
Microsoft Visual Studio Solution File, Format Version 12.00
# Visual Studio Version 17
VisualStudioVersion = 17.2.32526.322
MinimumVisualStudioVersion = 10.0.40219.1
Project("{8BC9CEB8-8B4A-11D0-8D11-00A0C91BC942}") = "CPP+", "CPP+\CPP+.vcxproj", "{DF6DE785-8B1C-4225-8800-E5AF67D8661A}"
EndProject
Project("{8BC9CEB8-8B4A-11D0-8D11-00A0C91BC942}") = "PZ_2", "PZ_2\PZ_2.vcxproj", "{91B4E8A2-B9E0-459B-AF56-0E62F9CCB8FD}"
EndProject
Project("{8BC9CEB8-8B4A-11D0-8D11-00A0C91BC942}") = "PZ_3_1", "PZ_3_1\PZ_3_1.vcxproj", "{06A33117-3EB5-498D-8CC9-6F3162AA60F6}"
EndProject
Project("{8BC9CEB8-8B4A-11D0-8D11-00A0C91BC942}") = "PZ_3_2", "PZ_3_2\PZ_3_2.vcxproj", "{BA9921B3-89C1-42F2-99F6-B66930E9B365}"
EndProject
Project("{8BC9CEB8-8B4A-11D0-8D11-00A0C91BC942}") = "PZ_4_1", "PZ_4_1\PZ_4_1.vcxproj", "{F66DD162-1FE4-4C18-A5A5-6532F41EC998}"
EndProject
Project("{8BC9CEB8-8B4A-11D0-8D11-00A0C91BC942}") = "PZ_4_2", "PZ_4_2\PZ_4_2.vcxproj", "{4FAB67D8-2749-4401-91E5-5267DA13F20D}"
EndProject
Project("{8BC9CEB8-8B4A-11D0-8D11-00A0C91BC942}") = "PZ_6_1", "PZ_6_1\PZ_6_1.vcxproj", "{1F94CF51-6FC2-4BDE-A68A-8419E3C41532}"
EndProject
Project("{8BC9CEB8-8B4A-11D0-8D11-00A0C91BC942}") = "PZ_6_2", "PZ_6_2\PZ_6_2.vcxproj", "{AC13F9D8-7D7C-4D44-826E-23B0CDC09099}"
EndProject
Global
	GlobalSection(SolutionConfigurationPlatforms) = preSolution
		Debug|x64 = Debug|x64
		Debug|x86 = Debug|x86
		Release|x64 = Release|x64
		Release|x86 = Release|x86
	EndGlobalSection
	GlobalSection(ProjectConfigurationPlatforms) = postSolution
		{DF6DE785-8B1C-4225-8800-E5AF67D8661A}.Debug|x64.ActiveCfg = Debug|x64
		{DF6DE785-8B1C-4225-8800-E5AF67D8661A}.Debug|x64.Build.0 = Debug|x64
		{DF6DE785-8B1C-4225-8800-E5AF67D8661A}.Debug|x86.ActiveCfg = Debug|Win32
		{DF6DE785-8B1C-4225-8800-E5AF67D8661A}.Debug|x86.Build.0 = Debug|Win32
		{DF6DE785-8B1C-4225-8800-E5AF67D8661A}.Release|x64.ActiveCfg = Release|x64
		{DF6DE785-8B1C-4225-8800-E5AF67D8661A}.Release|x64.Build.0 = Release|x64
		{DF6DE785-8B1C-4225-8800-E5AF67D8661A}.Release|x86.ActiveCfg = Release|Win32
		{DF6DE785-8B1C-4225-8800-E5AF67D8661A}.Release|x86.Build.0 = Release|Win32
		{91B4E8A2-B9E0-459B-AF56-0E62F9CCB8FD}.Debug|x64.ActiveCfg = Debug|x64
		{91B4E8A2-B9E0-459B-AF56-0E62F9CCB8FD}.Debug|x64.Build.0 = Debug|x64
		{91B4E8A2-B9E0-459B-AF56-0E62F9CCB8FD}.Debug|x86.ActiveCfg = Debug|Win32
		{91B4E8A2-B9E0-459B-AF56-0E62F9CCB8FD}.Debug|x86.Build.0 = Debug|Win32
		{91B4E8A2-B9E0-459B-AF56-0E62F9CCB8FD}.Release|x64.ActiveCfg = Release|x64
		{91B4E8A2-B9E0-459B-AF56-0E62F9CCB8FD}.Release|x64.Build.0 = Release|x64
		{91B4E8A2-B9E0-459B-AF56-0E62F9CCB8FD}.Release|x86.ActiveCfg = Release|Win32
		{91B4E8A2-B9E0-459B-AF56-0E62F9CCB8FD}.Release|x86.Build.0 = Release|Win32
		{06A33117-3EB5-498D-8CC9-6F3162AA60F6}.Debug|x64.ActiveCfg = Debug|x64
		{06A33117-3EB5-498D-8CC9-6F3162AA60F6}.Debug|x64.Build.0 = Debug|x64
		{06A33117-3EB5-498D-8CC9-6F3162AA60F6}.Debug|x86.ActiveCfg = Debug|Win32
		{06A33117-3EB5-498D-8CC9-6F3162AA60F6}.Debug|x86.Build.0 = Debug|Win32
		{06A33117-3EB5-498D-8CC9-6F3162AA60F6}.Release|x64.ActiveCfg = Release|x64
		{06A33117-3EB5-498D-8CC9-6F3162AA60F6}.Release|x64.Build.0 = Release|x64
		{06A33117-3EB5-498D-8CC9-6F3162AA60F6}.Release|x86.ActiveCfg = Release|Win32
		{06A33117-3EB5-498D-8CC9-6F3162AA60F6}.Release|x86.Build.0 = Release|Win32
		{BA9921B3-89C1-42F2-99F6-B66930E9B365}.Debug|x64.ActiveCfg = Debug|x64
		{BA9921B3-89C1-42F2-99F6-B66930E9B365}.Debug|x64.Build.0 = Debug|x64
		{BA9921B3-89C1-42F2-99F6-B66930E9B365}.Debug|x86.ActiveCfg = Debug|Win32
		{BA9921B3-89C1-42F2-99F6-B66930E9B365}.Debug|x86.Build.0 = Debug|Win32
		{BA9921B3-89C1-42F2-99F6-B66930E9B365}.Release|x64.ActiveCfg = Release|x64
		{BA9921B3-89C1-42F2-99F6-B66930E9B365}.Release|x64.Build.0 = Release|x64
		{BA9921B3-89C1-42F2-99F6-B66930E9B365}.Release|x86.ActiveCfg = Release|Win32
		{BA9921B3-89C1-42F2-99F6-B66930E9B365}.Release|x86.Build.0 = Release|Win32
		{F66DD162-1FE4-4C18-A5A5-6532F41EC998}.Debug|x64.ActiveCfg = Debug|x64
		{F66DD162-1FE4-4C18-A5A5-6532F41EC998}.Debug|x64.Build.0 = Debug|x64
		{F66DD162-1FE4-4C18-A5A5-6532F41EC998}.Debug|x86.ActiveCfg = Debug|Win32
		{F66DD162-1FE4-4C18-A5A5-6532F41EC998}.Debug|x86.Build.0 = Debug|Win32
		{F66DD162-1FE4-4C18-A5A5-6532F41EC998}.Release|x64.ActiveCfg = Release|x64
		{F66DD162-1FE4-4C18-A5A5-6532F41EC998}.Release|x64.Build.0 = Release|x64
		{F66DD162-1FE4-4C18-A5A5-6532F41EC998}.Release|x86.ActiveCfg = Release|Win32
		{F66DD162-1FE4-4C18-A5A5-6532F41EC998}.Release|x86.Build.0 = Release|Win32
		{4FAB67D8-2749-4401-91E5-5267DA13F20D}.Debug|x64.ActiveCfg = Debug|x64
		{4FAB67D8-2749-4401-91E5-5267DA13F20D}.Debug|x64.Build.0 = Debug|x64
		{4FAB67D8-2749-4401-91E5-5267DA13F20D}.Debug|x86.ActiveCfg = Debug|Win32
		{4FAB67D8-2749-4401-91E5-5267DA13F20D}.Debug|x86.Build.0 = Debug|Win32
		{4FAB67D8-2749-4401-91E5-5267DA13F20D}.Release|x64.ActiveCfg = Release|x64
		{4FAB67D8-2749-4401-91E5-5267DA13F20D}.Release|x64.Build.0 = Release|x64
		{4FAB67D8-2749-4401-91E5-5267DA13F20D}.Release|x86.ActiveCfg = Release|Win32
		{4FAB67D8-2749-4401-91E5-5267DA13F20D}.Release|x86.Build.0 = Release|Win32
		{1F94CF51-6FC2-4BDE-A68A-8419E3C41532}.Debug|x64.ActiveCfg = Debug|x64
		{1F94CF51-6FC2-4BDE-A68A-8419E3C41532}.Debug|x64.Build.0 = Debug|x64
		{1F94CF51-6FC2-4BDE-A68A-8419E3C41532}.Debug|x86.ActiveCfg = Debug|Win32
		{1F94CF51-6FC2-4BDE-A68A-8419E3C41532}.Debug|x86.Build.0 = Debug|Win32
		{1F94CF51-6FC2-4BDE-A68A-8419E3C41532}.Release|x64.ActiveCfg = Release|x64
		{1F94CF51-6FC2-4BDE-A68A-8419E3C41532}.Release|x64.Build.0 = Release|x64
		{1F94CF51-6FC2-4BDE-A68A-8419E3C41532}.Release|x86.ActiveCfg = Release|Win32
		{1F94CF51-6FC2-4BDE-A68A-8419E3C41532}.Release|x86.Build.0 = Release|Win32
		{AC13F9D8-7D7C-4D44-826E-23B0CDC09099}.Debug|x64.ActiveCfg = Debug|x64
		{AC13F9D8-7D7C-4D44-826E-23B0CDC09099}.Debug|x64.Build.0 = Debug|x64
		{AC13F9D8-7D7C-4D44-826E-23B0CDC09099}.Debug|x86.ActiveCfg = Debug|Win32
		{AC13F9D8-7D7C-4D44-826E-23B0CDC09099}.Debug|x86.Build.0 = Debug|Win32
		{AC13F9D8-7D7C-4D44-826E-23B0CDC09099}.Release|x64.ActiveCfg = Release|x64
		{AC13F9D8-7D7C-4D44-826E-23B0CDC09099}.Release|x64.Build.0 = Release|x64
		{AC13F9D8-7D7C-4D44-826E-23B0CDC09099}.Release|x86.ActiveCfg = Release|Win32
		{AC13F9D8-7D7C-4D44-826E-23B0CDC09099}.Release|x86.Build.0 = Release|Win32
	EndGlobalSection
	GlobalSection(SolutionProperties) = preSolution
		HideSolutionNode = FALSE
	EndGlobalSection
	GlobalSection(ExtensibilityGlobals) = postSolution
		SolutionGuid = {BF175E20-02BA-4C6C-8C97-EB7A09ECA687}
	EndGlobalSection
EndGlobal
